
Microsoft Visual Studio Solution File, Format Version 12.00
# Visual Studio Version 16
VisualStudioVersion = 16.0.29306.81
MinimumVisualStudioVersion = 10.0.40219.1
Project("{FAE04EC0-301F-11D3-BF4B-00C04F79EFBC}") = "DigitalMarketingSite", "DigitalMarketingSite\DigitalMarketingSite.csproj", "{A1EAFDAB-9AE3-4A85-9577-036CD2F9902A}"
EndProject
Global
	GlobalSection(SolutionConfigurationPlatforms) = preSolution
		Debug|Any CPU = Debug|Any CPU
		Release|Any CPU = Release|Any CPU
	EndGlobalSection
	GlobalSection(ProjectConfigurationPlatforms) = postSolution
		{A1EAFDAB-9AE3-4A85-9577-036CD2F9902A}.Debug|Any CPU.ActiveCfg = Debug|Any CPU
		{A1EAFDAB-9AE3-4A85-9577-036CD2F9902A}.Debug|Any CPU.Build.0 = Debug|Any CPU
		{A1EAFDAB-9AE3-4A85-9577-036CD2F9902A}.Release|Any CPU.ActiveCfg = Release|Any CPU
		{A1EAFDAB-9AE3-4A85-9577-036CD2F9902A}.Release|Any CPU.Build.0 = Release|Any CPU
	EndGlobalSection
	GlobalSection(SolutionProperties) = preSolution
		HideSolutionNode = FALSE
	EndGlobalSection
	GlobalSection(ExtensibilityGlobals) = postSolution
		SolutionGuid = {16D9DD51-DED4-41B3-8982-3AD023F2F672}
	EndGlobalSection
EndGlobal
